github.com/dgrijalva/jwt-go v1.0.2 h1:KPldsxuKGsS2FPWsNeg9ZO18aCrGKujPoWXn2yo+KQM=
github.com/dgrijalva/jwt-go v3.2.0+incompatible h1:7qlOGliEKZXTDg6OTjfoBKDXWrumCAMpl/TFQ4/5kLM=
github.com/dgrijalva/jwt-go v3.2.0+incompatible/go.mod h1:E3ru+11k8xSBh+hMPgOLZmtrrCbhqsmaPHjLKYnJCaQ=
github.com/greatfocus/gf-frame v0.0.0-20200622192900-6ea32e2f3d6b h1:dFjwjyKD/qDWB6y+9vUTEvcaS7X8fD4RZhUP4mg6HFU=
github.com/greatfocus/gf-frame v0.0.0-20200622192900-6ea32e2f3d6b/go.mod h1:r0qVafM5n1FdeMnXfe+fNIIqpzbecA5yBSG0lIKeZLU=
github.com/greatfocus/gf-frame v0.0.0-20200623140822-9fdf0fb9adf5 h1:sWrcpoCQFVpKvhi1fa8iMBBuCk94An/aHNKfgtP2uvw=
github.com/greatfocus/gf-frame v0.0.0-20200623140822-9fdf0fb9adf5/go.mod h1:r0qVafM5n1FdeMnXfe+fNIIqpzbecA5yBSG0lIKeZLU=
github.com/greatfocus/gf-frame v0.0.0-20200623230845-4ade7d2ec1c2 h1:K2hNrkKhoHdP0zvoOIWEjkwSVg7g6EZoCyzfdgmAIKA=
github.com/greatfocus/gf-frame v0.0.0-20200623230845-4ade7d2ec1c2/go.mod h1:r0qVafM5n1FdeMnXfe+fNIIqpzbecA5yBSG0lIKeZLU=
github.com/greatfocus/gf-frame v0.0.0-20200624090612-893aa4b2f209 h1:fS7WGgoTmhwkg1i6sVz9E5jbnMGXRVOVVB2YixB5LHw=
github.com/greatfocus/gf-frame v0.0.0-20200624090612-893aa4b2f209/go.mod h1:r0qVafM5n1FdeMnXfe+fNIIqpzbecA5yBSG0lIKeZLU=
github.com/greatfocus/gf-frame v0.0.0-20200626082701-13658136065b h1:86mN3RVHwKg/pvlLJ09/LJg2H39jWu69KlgB4NOzObM=
github.com/greatfocus/gf-frame v0.0.0-20200626082701-13658136065b/go.mod h1:r0qVafM5n1FdeMnXfe+fNIIqpzbecA5yBSG0lIKeZLU=
github.com/greatfocus/gf-frame v0.0.0-20200626223146-443f1163b616 h1:KsUyZdBLqijJR+l/BPKdIn4U2RK2TxxnhERRNJ/eidA=
github.com/greatfocus/gf-frame v0.0.0-20200626223146-443f1163b616/go.mod h1:r0qVafM5n1FdeMnXfe+fNIIqpzbecA5yBSG0lIKeZLU=
github.com/greatfocus/gf-frame v0.0.0-20200627200622-c17b0e46bece h1:bQvVTEvrlBMgp2gAtEnGvBZbQghOhhvMGY3v+hlFIe8=
github.com/greatfocus/gf-frame v0.0.0-20200627200622-c17b0e46bece/go.mod h1:r0qVafM5n1FdeMnXfe+fNIIqpzbecA5yBSG0lIKeZLU=
github.com/greatfocus/gf-frame v1.0.0-beta3 h1:Snfe/uefoUcAb7k9cV12OGwZk3Gb063xFnx7CW2Rj/A=
github.com/greatfocus/gf-frame v1.0.0-beta3/go.mod h1:mAVrDr1OpkplaiHwW+g+hWUEcDXdKvKGamsscoGztgs=
github.com/greatfocus/gf-frame v1.4.1 h1:nDn8YJg1je5XjXQPlDigTJlbbV853G1A9Hg4d1CJu4M=
github.com/greatfocus/gf-frame v1.4.1/go.mod h1:gBfmDUBhYhGLid8jvKRwbU+Jha019mVAS9PSG1shzIg=
github.com/greatfocus/gf-frame v1.4.8 h1:5YwxNA+ei24Ivl9xUjs8XYrlZp6yJngAuH27VctcD5k=
github.com/greatfocus/gf-frame v1.4.8/go.mod h1:5eqSB5srdtHmMuyCdP2lA8dVoEmKFfPNIwnw9xSFegc=
github.com/greatfocus/gf-frame v1.5.1 h1:il9zFPQwI3OKPHAs0s5TjWywKxYjmdAWcynLLyh/v5I=
github.com/greatfocus/gf-frame v1.5.1/go.mod h1:5eqSB5srdtHmMuyCdP2lA8dVoEmKFfPNIwnw9xSFegc=
github.com/greatfocus/gf-frame v1.5.4-0.20200906185047-9c8762bf506c h1:sGgPWSYZwT5GaTm4SU14Nrp4lMaSEhVvICXjQhfa6A0=
github.com/greatfocus/gf-frame v1.5.4-0.20200906185047-9c8762bf506c/go.mod h1:5eqSB5srdtHmMuyCdP2lA8dVoEmKFfPNIwnw9xSFegc=
github.com/lib/pq v1.7.0 h1:h93mCPfUSkaul3Ka/VG8uZdmW1uMHDGxzu0NWHuJmHY=
github.com/lib/pq v1.7.0/go.mod h1:AlVN5x4E4T544tWzH6hKfbfQvm3HdbOxrmggDNAPY9o=
github.com/lib/pq v1.7.1 h1:FvD5XTVTDt+KON6oIoOmHq6B6HzGuYEhuTMpEG0yuBQ=
github.com/lib/pq v1.7.1/go.mod h1:AlVN5x4E4T544tWzH6hKfbfQvm3HdbOxrmggDNAPY9o=
golang.org/x/crypto v0.0.0-20190308221718-c2843e01d9a2/go.mod h1:djNgcEr1/C05ACkg1iLfiJU5Ep61QUkGW8qpdssI0+w=
golang.org/x/crypto v0.0.0-20200604202706-70a84ac30bf9 h1:vEg9joUBmeBcK9iSJftGNf3coIG4HqZElCPehJsfAYM=
golang.org/x/crypto v0.0.0-20200604202706-70a84ac30bf9/go.mod h1:LzIPMQfyMNhhGPhUkYOs5KpL4U8rLKemX1yGLhDgUto=
golang.org/x/crypto v0.0.0-20200622213623-75b288015ac9 h1:psW17arqaxU48Z5kZ0CQnkZWQJsqcURM6tKiBApRjXI=
golang.org/x/crypto v0.0.0-20200622213623-75b288015ac9/go.mod h1:LzIPMQfyMNhhGPhUkYOs5KpL4U8rLKemX1yGLhDgUto=
golang.org/x/crypto v0.0.0-20200709230013-948cd5f35899 h1:DZhuSZLsGlFL4CmhA8BcRA0mnthyA/nZ00AqCUo7vHg=
golang.org/x/crypto v0.0.0-20200709230013-948cd5f35899/go.mod h1:LzIPMQfyMNhhGPhUkYOs5KpL4U8rLKemX1yGLhDgUto=
golang.org/x/net v0.0.0-20190404232315-eb5bcb51f2a3/go.mod h1:t9HGtf8HONx5eT2rtn7q6eTqICYqUVnKs3thJo3Qplg=
golang.org/x/sys v0.0.0-20190215142949-d0b11bdaac8a/go.mod h1:STP8DvDyc/dI5b8T5hshtkjS+E42TnysNCUPdjciGhY=
golang.org/x/sys v0.0.0-20190412213103-97732733099d/go.mod h1:h1NjWce9XRLGQEsW7wpKNCjG9DtNlClVuFLEZdDNbEs=
golang.org/x/text v0.3.0/go.mod h1:NqM8EUOU14njkJ3fqMW+pc6Ldnwhi/IjpwHt7yyuwOQ=
golang.org/x/time v0.0.0-20200630173020-3af7569d3a1e h1:EHBhcS0mlXEAVwNyO2dLfjToGsyY4j24pTs2ScHnX7s=
golang.org/x/time v0.0.0-20200630173020-3af7569d3a1e/go.mod h1:tRJNPiyCQ0inRvYxbN9jk5I+vvW/OXSQhTDSoE431IQ=
